{
  "version": 4,
  "terraform_version": "1.14.1",
  "serial": 21,
  "lineage": "00de3fe6-4240-ba02-ffe4-85491380b932",
  "outputs": {},
  "resources": [
    {
      "mode": "managed",
      "type": "aws_iam_group",
      "name": "devs",
      "provider": "provider[\"registry.terraform.io/hashicorp/aws\"]",
      "instances": [
        {
          "schema_version": 0,
          "attributes": {
            "arn": "arn:aws:iam::192676124148:group/devs",
            "id": "devs",
            "name": "devs",
            "path": "/",
            "unique_id": "AGPASZXDEKX2EVTRJ3YZF"
          },
          "sensitive_attributes": [],
          "identity_schema_version": 0,
          "private": "bnVsbA=="
        }
      ]
    },
    {
      "mode": "managed",
      "type": "aws_iam_group",
      "name": "emps",
      "provider": "provider[\"registry.terraform.io/hashicorp/aws\"]",
      "instances": [
        {
          "schema_version": 0,
          "attributes": {
            "arn": "arn:aws:iam::192676124148:group/emps",
            "id": "emps",
            "name": "emps",
            "path": "/",
            "unique_id": "AGPASZXDEKX2K6LW3ZBLI"
          },
          "sensitive_attributes": [],
          "identity_schema_version": 0,
          "private": "bnVsbA=="
        }
      ]
    },
    {
      "mode": "managed",
      "type": "aws_iam_user",
      "name": "test_users",
      "provider": "provider[\"registry.terraform.io/hashicorp/aws\"]",
      "instances": [
        {
          "index_key": "kim",
          "schema_version": 0,
          "attributes": {
            "arn": "arn:aws:iam::192676124148:user/kim",
            "force_destroy": false,
            "id": "kim",
            "name": "kim",
            "path": "/",
            "permissions_boundary": "",
            "tags": {
              "Is_dev": "false",
              "Name": "kim",
              "Role": "회계"
            },
            "tags_all": {
              "Is_dev": "false",
              "Name": "kim",
              "Role": "회계"
            },
            "unique_id": "AIDASZXDEKX2F3KXW7WSO"
          },
          "sensitive_attributes": [],
          "identity_schema_version": 0,
          "private": "bnVsbA=="
        },
        {
          "index_key": "lee",
          "schema_version": 0,
          "attributes": {
            "arn": "arn:aws:iam::192676124148:user/lee",
            "force_destroy": false,
            "id": "lee",
            "name": "lee",
            "path": "/",
            "permissions_boundary": "",
            "tags": {
              "Is_dev": "true",
              "Name": "lee",
              "Role": "개발"
            },
            "tags_all": {
              "Is_dev": "true",
              "Name": "lee",
              "Role": "개발"
            },
            "unique_id": "AIDASZXDEKX2CPLCYJWMU"
          },
          "sensitive_attributes": [],
          "identity_schema_version": 0,
          "private": "bnVsbA=="
        },
        {
          "index_key": "park",
          "schema_version": 0,
          "attributes": {
            "arn": "arn:aws:iam::192676124148:user/park",
            "force_destroy": false,
            "id": "park",
            "name": "park",
            "path": "/",
            "permissions_boundary": "",
            "tags": {
              "Is_dev": "true",
              "Name": "park",
              "Role": "과장"
            },
            "tags_all": {
              "Is_dev": "true",
              "Name": "park",
              "Role": "과장"
            },
            "unique_id": "AIDASZXDEKX2ENDWFJ4BL"
          },
          "sensitive_attributes": [],
          "identity_schema_version": 0,
          "private": "bnVsbA=="
        }
      ]
    },
    {
      "mode": "managed",
      "type": "aws_iam_user_group_membership",
      "name": "team",
      "provider": "provider[\"registry.terraform.io/hashicorp/aws\"]",
      "instances": [
        {
          "index_key": "kim",
          "schema_version": 0,
          "attributes": {
            "groups": [
              "emps"
            ],
            "id": "terraform-20251216032545751300000001",
            "user": "kim"
          },
          "sensitive_attributes": [],
          "identity_schema_version": 0,
          "private": "bnVsbA==",
          "dependencies": [
            "aws_iam_group.devs",
            "aws_iam_group.emps"
          ]
        },
        {
          "index_key": "lee",
          "schema_version": 0,
          "attributes": {
            "groups": [
              "devs",
              "emps"
            ],
            "id": "terraform-20251216032545958000000003",
            "user": "lee"
          },
          "sensitive_attributes": [],
          "identity_schema_version": 0,
          "private": "bnVsbA==",
          "dependencies": [
            "aws_iam_group.devs",
            "aws_iam_group.emps"
          ]
        },
        {
          "index_key": "park",
          "schema_version": 0,
          "attributes": {
            "groups": [
              "devs",
              "emps"
            ],
            "id": "terraform-20251216032545944300000002",
            "user": "park"
          },
          "sensitive_attributes": [],
          "identity_schema_version": 0,
          "private": "bnVsbA==",
          "dependencies": [
            "aws_iam_group.devs",
            "aws_iam_group.emps"
          ]
        }
      ]
    }
  ],
  "check_results": null
}
